
Microsoft Visual Studio Solution File, Format Version 9.00
# Visual Studio 2005
Project("{FAE04EC0-301F-11D3-BF4B-00C04F79EFBC}") = "RdrDoorClient", "RdrDoorClient.csproj", "{03B7698C-30C6-4E40-A67F-FDA98B814052}"
EndProject
Project("{54435603-DBB4-11D2-8724-00A0C9A8B90C}") = "RdrDoorSetup", "..\RdrDoorSetup\RdrDoorSetup.vdproj", "{275FD0E3-8D85-4D81-B83E-2E22F4F3590E}"
EndProject
Global
	GlobalSection(SolutionConfigurationPlatforms) = preSolution
		Debug|Any CPU = Debug|Any CPU
		Release|Any CPU = Release|Any CPU
	EndGlobalSection
	GlobalSection(ProjectConfigurationPlatforms) = postSolution
		{03B7698C-30C6-4E40-A67F-FDA98B814052}.Debug|Any CPU.ActiveCfg = Debug|Any CPU
		{03B7698C-30C6-4E40-A67F-FDA98B814052}.Debug|Any CPU.Build.0 = Debug|Any CPU
		{03B7698C-30C6-4E40-A67F-FDA98B814052}.Release|Any CPU.ActiveCfg = Release|Any CPU
		{03B7698C-30C6-4E40-A67F-FDA98B814052}.Release|Any CPU.Build.0 = Release|Any CPU
		{275FD0E3-8D85-4D81-B83E-2E22F4F3590E}.Debug|Any CPU.ActiveCfg = Debug
		{275FD0E3-8D85-4D81-B83E-2E22F4F3590E}.Release|Any CPU.ActiveCfg = Release
		{275FD0E3-8D85-4D81-B83E-2E22F4F3590E}.Release|Any CPU.Build.0 = Release
	EndGlobalSection
	GlobalSection(SolutionProperties) = preSolution
		HideSolutionNode = FALSE
	EndGlobalSection
EndGlobal
